
Microsoft Visual Studio Solution File, Format Version 12.00
# Visual Studio Version 16
VisualStudioVersion = 16.0.30621.155
MinimumVisualStudioVersion = 10.0.40219.1
Project("{8BC9CEB8-8B4A-11D0-8D11-00A0C91BC942}") = "Week6-2", "Week6-2.vcxproj", "{A2C6A779-3EBD-4812-A70D-6F02DDDA36A8}"
EndProject
Global
	GlobalSection(SolutionConfigurationPlatforms) = preSolution
		Debug|x64 = Debug|x64
		Debug|x86 = Debug|x86
		Release|x64 = Release|x64
		Release|x86 = Release|x86
	EndGlobalSection
	GlobalSection(ProjectConfigurationPlatforms) = postSolution
		{A2C6A779-3EBD-4812-A70D-6F02DDDA36A8}.Debug|x64.ActiveCfg = Debug|x64
		{A2C6A779-3EBD-4812-A70D-6F02DDDA36A8}.Debug|x64.Build.0 = Debug|x64
		{A2C6A779-3EBD-4812-A70D-6F02DDDA36A8}.Debug|x86.ActiveCfg = Debug|Win32
		{A2C6A779-3EBD-4812-A70D-6F02DDDA36A8}.Debug|x86.Build.0 = Debug|Win32
		{A2C6A779-3EBD-4812-A70D-6F02DDDA36A8}.Release|x64.ActiveCfg = Release|x64
		{A2C6A779-3EBD-4812-A70D-6F02DDDA36A8}.Release|x64.Build.0 = Release|x64
		{A2C6A779-3EBD-4812-A70D-6F02DDDA36A8}.Release|x86.ActiveCfg = Release|Win32
		{A2C6A779-3EBD-4812-A70D-6F02DDDA36A8}.Release|x86.Build.0 = Release|Win32
	EndGlobalSection
	GlobalSection(SolutionProperties) = preSolution
		HideSolutionNode = FALSE
	EndGlobalSection
	GlobalSection(ExtensibilityGlobals) = postSolution
		SolutionGuid = {4D5F2605-7CF3-4303-8F9C-9465FC541A7D}
	EndGlobalSection
EndGlobal
