
Microsoft Visual Studio Solution File, Format Version 12.00
# Visual Studio Version 16
VisualStudioVersion = 16.0.30621.155
MinimumVisualStudioVersion = 10.0.40219.1
Project("{8BC9CEB8-8B4A-11D0-8D11-00A0C91BC942}") = "Week7-1", "Week7-1.vcxproj", "{2B742812-1905-4806-AD80-5EFAD26C31BB}"
EndProject
Global
	GlobalSection(SolutionConfigurationPlatforms) = preSolution
		Debug|x64 = Debug|x64
		Debug|x86 = Debug|x86
		Release|x64 = Release|x64
		Release|x86 = Release|x86
	EndGlobalSection
	GlobalSection(ProjectConfigurationPlatforms) = postSolution
		{2B742812-1905-4806-AD80-5EFAD26C31BB}.Debug|x64.ActiveCfg = Debug|x64
		{2B742812-1905-4806-AD80-5EFAD26C31BB}.Debug|x64.Build.0 = Debug|x64
		{2B742812-1905-4806-AD80-5EFAD26C31BB}.Debug|x86.ActiveCfg = Debug|Win32
		{2B742812-1905-4806-AD80-5EFAD26C31BB}.Debug|x86.Build.0 = Debug|Win32
		{2B742812-1905-4806-AD80-5EFAD26C31BB}.Release|x64.ActiveCfg = Release|x64
		{2B742812-1905-4806-AD80-5EFAD26C31BB}.Release|x64.Build.0 = Release|x64
		{2B742812-1905-4806-AD80-5EFAD26C31BB}.Release|x86.ActiveCfg = Release|Win32
		{2B742812-1905-4806-AD80-5EFAD26C31BB}.Release|x86.Build.0 = Release|Win32
	EndGlobalSection
	GlobalSection(SolutionProperties) = preSolution
		HideSolutionNode = FALSE
	EndGlobalSection
	GlobalSection(ExtensibilityGlobals) = postSolution
		SolutionGuid = {412B3753-CE50-4D86-80D8-406B19003978}
	EndGlobalSection
EndGlobal
